
Microsoft Visual Studio Solution File, Format Version 12.00
# Visual Studio 15
VisualStudioVersion = 15.0.28307.271
MinimumVisualStudioVersion = 10.0.40219.1
Project("{FAE04EC0-301F-11D3-BF4B-00C04F79EFBC}") = "CodeGeneratorService", "CodeGeneratorService\CodeGeneratorService.csproj", "{738FC99D-269B-4214-9A1B-03858938B38A}"
EndProject
Project("{FAE04EC0-301F-11D3-BF4B-00C04F79EFBC}") = "BaseWindow", "BaseWindow\BaseWindow.csproj", "{E2193E3E-7E19-46A5-92E8-25B140EBEDE6}"
EndProject
Global
	GlobalSection(SolutionConfigurationPlatforms) = preSolution
		Debug|Any CPU = Debug|Any CPU
		Release|Any CPU = Release|Any CPU
	EndGlobalSection
	GlobalSection(ProjectConfigurationPlatforms) = postSolution
		{738FC99D-269B-4214-9A1B-03858938B38A}.Debug|Any CPU.ActiveCfg = Debug|Any CPU
		{738FC99D-269B-4214-9A1B-03858938B38A}.Debug|Any CPU.Build.0 = Debug|Any CPU
		{738FC99D-269B-4214-9A1B-03858938B38A}.Release|Any CPU.ActiveCfg = Release|Any CPU
		{738FC99D-269B-4214-9A1B-03858938B38A}.Release|Any CPU.Build.0 = Release|Any CPU
		{E2193E3E-7E19-46A5-92E8-25B140EBEDE6}.Debug|Any CPU.ActiveCfg = Debug|Any CPU
		{E2193E3E-7E19-46A5-92E8-25B140EBEDE6}.Debug|Any CPU.Build.0 = Debug|Any CPU
		{E2193E3E-7E19-46A5-92E8-25B140EBEDE6}.Release|Any CPU.ActiveCfg = Release|Any CPU
		{E2193E3E-7E19-46A5-92E8-25B140EBEDE6}.Release|Any CPU.Build.0 = Release|Any CPU
	EndGlobalSection
	GlobalSection(SolutionProperties) = preSolution
		HideSolutionNode = FALSE
	EndGlobalSection
	GlobalSection(ExtensibilityGlobals) = postSolution
		SolutionGuid = {C53C75AD-F1A3-4BFF-BEC7-8F199C5716B0}
	EndGlobalSection
EndGlobal
